
Microsoft Visual Studio Solution File, Format Version 12.00
# Visual Studio Version 17
VisualStudioVersion = 17.4.33205.214
MinimumVisualStudioVersion = 10.0.40219.1
Project("{9A19103F-16F7-4668-BE54-9A1E7A4F7556}") = "PetProfileDomain.Api", "src\PetProfileDomain\PetProfileDomain.Api\PetProfileDomain.Api.csproj", "{997C1C76-1B71-4BE8-B3C3-08E3E54B0234}"
EndProject
Project("{9A19103F-16F7-4668-BE54-9A1E7A4F7556}") = "PetProfileDomain.Application", "src\PetProfileDomain\PetProfileDomain.Application\PetProfileDomain.Application.csproj", "{D1CD021E-8B29-4D85-9229-0F4A0C5E8516}"
EndProject
Project("{9A19103F-16F7-4668-BE54-9A1E7A4F7556}") = "PetProfileDomain.Infrastructure", "src\PetProfileDomain\PetProfileDomain.Infrastructure\PetProfileDomain.Infrastructure.csproj", "{78E38B9C-73BB-4BB0-AA89-3473258B1733}"
EndProject
Project("{9A19103F-16F7-4668-BE54-9A1E7A4F7556}") = "PetProfileDomain.Domain", "src\PetProfileDomain\PetProfileDomain.Domain\PetProfileDomain.Domain.csproj", "{E5DA5AF4-9972-41B8-8EC8-80C305CEF566}"
EndProject
Project("{9A19103F-16F7-4668-BE54-9A1E7A4F7556}") = "PetAdoptionApp.SharedKernel", "src\PetAdoptionApp.SharedKernel\PetAdoptionApp.SharedKernel.csproj", "{E868D95A-9B4D-46AC-A366-36A3032A25BC}"
EndProject
Project("{9A19103F-16F7-4668-BE54-9A1E7A4F7556}") = "PetProfileDomain.FunctionalTests", "src\tests\PetProfileDomain\PetProfileDomain.FunctionalTests\PetProfileDomain.FunctionalTests.csproj", "{C67C5353-F170-47D3-BA66-EA3B822028F3}"
EndProject
Project("{9A19103F-16F7-4668-BE54-9A1E7A4F7556}") = "PetProfileDomain.IntegrationTests", "src\tests\PetProfileDomain\PetProfileDomain.IntegrationTests\PetProfileDomain.IntegrationTests.csproj", "{62121E53-53EA-472C-A17F-74E51D8C399E}"
EndProject
Project("{9A19103F-16F7-4668-BE54-9A1E7A4F7556}") = "PetProfileDomain.UnitTests", "src\tests\PetProfileDomain\PetProfileDomain.UnitTests\PetProfileDomain.UnitTests.csproj", "{04D35D60-4208-44F7-B0B9-07D09B2BB9E4}"
EndProject
Project("{2150E333-8FDC-42A3-9474-1A3956D46DE8}") = "Tests", "Tests", "{FDB8F4FA-F1D9-432D-99EA-AB06FA2D5011}"
EndProject
Project("{2150E333-8FDC-42A3-9474-1A3956D46DE8}") = "PetProfileDomain", "PetProfileDomain", "{36D1A08C-5483-44BE-8561-9C6A23EB9096}"
EndProject
Project("{9A19103F-16F7-4668-BE54-9A1E7A4F7556}") = "AuthProvider.Api", "src\AuthProvider\AuthProvider.Api\AuthProvider.Api.csproj", "{6B2D3AFA-FBBC-4F2D-92E2-D81DFBBB1B0E}"
EndProject
Project("{2150E333-8FDC-42A3-9474-1A3956D46DE8}") = "AuthProvider", "AuthProvider", "{321BA70A-0E71-473C-ACEA-C5DE6B999437}"
EndProject
Project("{9A19103F-16F7-4668-BE54-9A1E7A4F7556}") = "AuthProvider.Infrastructure", "src\AuthProvider\AuthProvider.Infrastructure\AuthProvider.Infrastructure.csproj", "{F60348F8-59CF-4F23-9031-1E16D668991B}"
EndProject
Project("{9A19103F-16F7-4668-BE54-9A1E7A4F7556}") = "AuthProvider.Domain", "src\AuthProvider\AuthProvider.Domain\AuthProvider.Domain.csproj", "{91E8B666-C34A-4F2C-B020-3AFAA93E09DD}"
EndProject
Project("{9A19103F-16F7-4668-BE54-9A1E7A4F7556}") = "AuthProvider.Application", "src\AuthProvider\AuthProvider.Application\AuthProvider.Application.csproj", "{6F333BB4-B271-41A3-A31C-9E8D4D657E20}"
EndProject
Project("{9A19103F-16F7-4668-BE54-9A1E7A4F7556}") = "CityProjectDomain.Api", "src\CityProjectDomain\CityProjectDomain.Api\CityProjectDomain.Api.csproj", "{95E39701-09EA-4421-8834-204A9FD6A7BF}"
EndProject
Project("{2150E333-8FDC-42A3-9474-1A3956D46DE8}") = "CityProjectDomain", "CityProjectDomain", "{DB35C60D-C6A2-4DD7-8F75-E4E654484AA6}"
EndProject
Project("{9A19103F-16F7-4668-BE54-9A1E7A4F7556}") = "CityProjectDomain.Domain", "src\CityProjectDomain\CityProjectDomain.Domain\CityProjectDomain.Domain.csproj", "{162B13B2-258C-4D21-8656-48B5E5C39D80}"
EndProject
Project("{9A19103F-16F7-4668-BE54-9A1E7A4F7556}") = "CityProjectDomain.Infrastructure", "src\CityProjectDomain\CityProjectDomain.Infrastructure\CityProjectDomain.Infrastructure.csproj", "{F4EC38D1-CDFD-462A-8C63-B94BF4EB0952}"
EndProject
Project("{9A19103F-16F7-4668-BE54-9A1E7A4F7556}") = "CityProjectDomain.Application", "src\CityProjectDomain\CityProjectDomain.Application\CityProjectDomain.Application.csproj", "{D9FBB95B-7D58-49B4-8D08-22B66FC4FA2F}"
EndProject
Global
	GlobalSection(SolutionConfigurationPlatforms) = preSolution
		Debug|Any CPU = Debug|Any CPU
		Release|Any CPU = Release|Any CPU
	EndGlobalSection
	GlobalSection(ProjectConfigurationPlatforms) = postSolution
		{997C1C76-1B71-4BE8-B3C3-08E3E54B0234}.Debug|Any CPU.ActiveCfg = Debug|Any CPU
		{997C1C76-1B71-4BE8-B3C3-08E3E54B0234}.Debug|Any CPU.Build.0 = Debug|Any CPU
		{997C1C76-1B71-4BE8-B3C3-08E3E54B0234}.Release|Any CPU.ActiveCfg = Release|Any CPU
		{997C1C76-1B71-4BE8-B3C3-08E3E54B0234}.Release|Any CPU.Build.0 = Release|Any CPU
		{D1CD021E-8B29-4D85-9229-0F4A0C5E8516}.Debug|Any CPU.ActiveCfg = Debug|Any CPU
		{D1CD021E-8B29-4D85-9229-0F4A0C5E8516}.Debug|Any CPU.Build.0 = Debug|Any CPU
		{D1CD021E-8B29-4D85-9229-0F4A0C5E8516}.Release|Any CPU.ActiveCfg = Release|Any CPU
		{D1CD021E-8B29-4D85-9229-0F4A0C5E8516}.Release|Any CPU.Build.0 = Release|Any CPU
		{78E38B9C-73BB-4BB0-AA89-3473258B1733}.Debug|Any CPU.ActiveCfg = Debug|Any CPU
		{78E38B9C-73BB-4BB0-AA89-3473258B1733}.Debug|Any CPU.Build.0 = Debug|Any CPU
		{78E38B9C-73BB-4BB0-AA89-3473258B1733}.Release|Any CPU.ActiveCfg = Release|Any CPU
		{78E38B9C-73BB-4BB0-AA89-3473258B1733}.Release|Any CPU.Build.0 = Release|Any CPU
		{E5DA5AF4-9972-41B8-8EC8-80C305CEF566}.Debug|Any CPU.ActiveCfg = Debug|Any CPU
		{E5DA5AF4-9972-41B8-8EC8-80C305CEF566}.Debug|Any CPU.Build.0 = Debug|Any CPU
		{E5DA5AF4-9972-41B8-8EC8-80C305CEF566}.Release|Any CPU.ActiveCfg = Release|Any CPU
		{E5DA5AF4-9972-41B8-8EC8-80C305CEF566}.Release|Any CPU.Build.0 = Release|Any CPU
		{E868D95A-9B4D-46AC-A366-36A3032A25BC}.Debug|Any CPU.ActiveCfg = Debug|Any CPU
		{E868D95A-9B4D-46AC-A366-36A3032A25BC}.Debug|Any CPU.Build.0 = Debug|Any CPU
		{E868D95A-9B4D-46AC-A366-36A3032A25BC}.Release|Any CPU.ActiveCfg = Release|Any CPU
		{E868D95A-9B4D-46AC-A366-36A3032A25BC}.Release|Any CPU.Build.0 = Release|Any CPU
		{C67C5353-F170-47D3-BA66-EA3B822028F3}.Debug|Any CPU.ActiveCfg = Debug|Any CPU
		{C67C5353-F170-47D3-BA66-EA3B822028F3}.Debug|Any CPU.Build.0 = Debug|Any CPU
		{C67C5353-F170-47D3-BA66-EA3B822028F3}.Release|Any CPU.ActiveCfg = Release|Any CPU
		{C67C5353-F170-47D3-BA66-EA3B822028F3}.Release|Any CPU.Build.0 = Release|Any CPU
		{62121E53-53EA-472C-A17F-74E51D8C399E}.Debug|Any CPU.ActiveCfg = Debug|Any CPU
		{62121E53-53EA-472C-A17F-74E51D8C399E}.Debug|Any CPU.Build.0 = Debug|Any CPU
		{62121E53-53EA-472C-A17F-74E51D8C399E}.Release|Any CPU.ActiveCfg = Release|Any CPU
		{62121E53-53EA-472C-A17F-74E51D8C399E}.Release|Any CPU.Build.0 = Release|Any CPU
		{04D35D60-4208-44F7-B0B9-07D09B2BB9E4}.Debug|Any CPU.ActiveCfg = Debug|Any CPU
		{04D35D60-4208-44F7-B0B9-07D09B2BB9E4}.Debug|Any CPU.Build.0 = Debug|Any CPU
		{04D35D60-4208-44F7-B0B9-07D09B2BB9E4}.Release|Any CPU.ActiveCfg = Release|Any CPU
		{04D35D60-4208-44F7-B0B9-07D09B2BB9E4}.Release|Any CPU.Build.0 = Release|Any CPU
		{6B2D3AFA-FBBC-4F2D-92E2-D81DFBBB1B0E}.Debug|Any CPU.ActiveCfg = Debug|Any CPU
		{6B2D3AFA-FBBC-4F2D-92E2-D81DFBBB1B0E}.Debug|Any CPU.Build.0 = Debug|Any CPU
		{6B2D3AFA-FBBC-4F2D-92E2-D81DFBBB1B0E}.Release|Any CPU.ActiveCfg = Release|Any CPU
		{6B2D3AFA-FBBC-4F2D-92E2-D81DFBBB1B0E}.Release|Any CPU.Build.0 = Release|Any CPU
		{F60348F8-59CF-4F23-9031-1E16D668991B}.Debug|Any CPU.ActiveCfg = Debug|Any CPU
		{F60348F8-59CF-4F23-9031-1E16D668991B}.Debug|Any CPU.Build.0 = Debug|Any CPU
		{F60348F8-59CF-4F23-9031-1E16D668991B}.Release|Any CPU.ActiveCfg = Release|Any CPU
		{F60348F8-59CF-4F23-9031-1E16D668991B}.Release|Any CPU.Build.0 = Release|Any CPU
		{91E8B666-C34A-4F2C-B020-3AFAA93E09DD}.Debug|Any CPU.ActiveCfg = Debug|Any CPU
		{91E8B666-C34A-4F2C-B020-3AFAA93E09DD}.Debug|Any CPU.Build.0 = Debug|Any CPU
		{91E8B666-C34A-4F2C-B020-3AFAA93E09DD}.Release|Any CPU.ActiveCfg = Release|Any CPU
		{91E8B666-C34A-4F2C-B020-3AFAA93E09DD}.Release|Any CPU.Build.0 = Release|Any CPU
		{6F333BB4-B271-41A3-A31C-9E8D4D657E20}.Debug|Any CPU.ActiveCfg = Debug|Any CPU
		{6F333BB4-B271-41A3-A31C-9E8D4D657E20}.Debug|Any CPU.Build.0 = Debug|Any CPU
		{6F333BB4-B271-41A3-A31C-9E8D4D657E20}.Release|Any CPU.ActiveCfg = Release|Any CPU
		{6F333BB4-B271-41A3-A31C-9E8D4D657E20}.Release|Any CPU.Build.0 = Release|Any CPU
		{95E39701-09EA-4421-8834-204A9FD6A7BF}.Debug|Any CPU.ActiveCfg = Debug|Any CPU
		{95E39701-09EA-4421-8834-204A9FD6A7BF}.Debug|Any CPU.Build.0 = Debug|Any CPU
		{95E39701-09EA-4421-8834-204A9FD6A7BF}.Release|Any CPU.ActiveCfg = Release|Any CPU
		{95E39701-09EA-4421-8834-204A9FD6A7BF}.Release|Any CPU.Build.0 = Release|Any CPU
		{162B13B2-258C-4D21-8656-48B5E5C39D80}.Debug|Any CPU.ActiveCfg = Debug|Any CPU
		{162B13B2-258C-4D21-8656-48B5E5C39D80}.Debug|Any CPU.Build.0 = Debug|Any CPU
		{162B13B2-258C-4D21-8656-48B5E5C39D80}.Release|Any CPU.ActiveCfg = Release|Any CPU
		{162B13B2-258C-4D21-8656-48B5E5C39D80}.Release|Any CPU.Build.0 = Release|Any CPU
		{F4EC38D1-CDFD-462A-8C63-B94BF4EB0952}.Debug|Any CPU.ActiveCfg = Debug|Any CPU
		{F4EC38D1-CDFD-462A-8C63-B94BF4EB0952}.Debug|Any CPU.Build.0 = Debug|Any CPU
		{F4EC38D1-CDFD-462A-8C63-B94BF4EB0952}.Release|Any CPU.ActiveCfg = Release|Any CPU
		{F4EC38D1-CDFD-462A-8C63-B94BF4EB0952}.Release|Any CPU.Build.0 = Release|Any CPU
		{D9FBB95B-7D58-49B4-8D08-22B66FC4FA2F}.Debug|Any CPU.ActiveCfg = Debug|Any CPU
		{D9FBB95B-7D58-49B4-8D08-22B66FC4FA2F}.Debug|Any CPU.Build.0 = Debug|Any CPU
		{D9FBB95B-7D58-49B4-8D08-22B66FC4FA2F}.Release|Any CPU.ActiveCfg = Release|Any CPU
		{D9FBB95B-7D58-49B4-8D08-22B66FC4FA2F}.Release|Any CPU.Build.0 = Release|Any CPU
	EndGlobalSection
	GlobalSection(SolutionProperties) = preSolution
		HideSolutionNode = FALSE
	EndGlobalSection
	GlobalSection(NestedProjects) = preSolution
		{997C1C76-1B71-4BE8-B3C3-08E3E54B0234} = {36D1A08C-5483-44BE-8561-9C6A23EB9096}
		{D1CD021E-8B29-4D85-9229-0F4A0C5E8516} = {36D1A08C-5483-44BE-8561-9C6A23EB9096}
		{78E38B9C-73BB-4BB0-AA89-3473258B1733} = {36D1A08C-5483-44BE-8561-9C6A23EB9096}
		{E5DA5AF4-9972-41B8-8EC8-80C305CEF566} = {36D1A08C-5483-44BE-8561-9C6A23EB9096}
		{C67C5353-F170-47D3-BA66-EA3B822028F3} = {FDB8F4FA-F1D9-432D-99EA-AB06FA2D5011}
		{62121E53-53EA-472C-A17F-74E51D8C399E} = {FDB8F4FA-F1D9-432D-99EA-AB06FA2D5011}
		{04D35D60-4208-44F7-B0B9-07D09B2BB9E4} = {FDB8F4FA-F1D9-432D-99EA-AB06FA2D5011}
		{FDB8F4FA-F1D9-432D-99EA-AB06FA2D5011} = {36D1A08C-5483-44BE-8561-9C6A23EB9096}
		{6B2D3AFA-FBBC-4F2D-92E2-D81DFBBB1B0E} = {321BA70A-0E71-473C-ACEA-C5DE6B999437}
		{F60348F8-59CF-4F23-9031-1E16D668991B} = {321BA70A-0E71-473C-ACEA-C5DE6B999437}
		{91E8B666-C34A-4F2C-B020-3AFAA93E09DD} = {321BA70A-0E71-473C-ACEA-C5DE6B999437}
		{6F333BB4-B271-41A3-A31C-9E8D4D657E20} = {321BA70A-0E71-473C-ACEA-C5DE6B999437}
		{95E39701-09EA-4421-8834-204A9FD6A7BF} = {DB35C60D-C6A2-4DD7-8F75-E4E654484AA6}
		{162B13B2-258C-4D21-8656-48B5E5C39D80} = {DB35C60D-C6A2-4DD7-8F75-E4E654484AA6}
		{F4EC38D1-CDFD-462A-8C63-B94BF4EB0952} = {DB35C60D-C6A2-4DD7-8F75-E4E654484AA6}
		{D9FBB95B-7D58-49B4-8D08-22B66FC4FA2F} = {DB35C60D-C6A2-4DD7-8F75-E4E654484AA6}
	EndGlobalSection
	GlobalSection(ExtensibilityGlobals) = postSolution
		SolutionGuid = {7C2A6BEF-7DF4-4C43-BE59-523F9419E863}
	EndGlobalSection
EndGlobal
